
Microsoft Visual Studio Solution File, Format Version 12.00
# Visual Studio 2013
VisualStudioVersion = 12.0.21005.1
MinimumVisualStudioVersion = 10.0.40219.1
Project("{FAE04EC0-301F-11D3-BF4B-00C04F79EFBC}") = "Teage.UI", "Teage.UI\Teage.UI.csproj", "{0D792CB1-FD96-44EE-ACBC-C074B74C8C19}"
EndProject
Project("{FAE04EC0-301F-11D3-BF4B-00C04F79EFBC}") = "Teage.Common", "Teage.Common\Teage.Common.csproj", "{E781FD01-F92A-4367-B769-5EDD9A8FA793}"
EndProject
Project("{2150E333-8FDC-42A3-9474-1A3956D46DE8}") = "1-Show", "1-Show", "{A4C1F9CC-18E1-4F6D-880E-5F8513ABFD8E}"
EndProject
Project("{2150E333-8FDC-42A3-9474-1A3956D46DE8}") = "3-Models", "3-Models", "{3F8A8158-92D0-49DE-A7EB-A292880E3813}"
EndProject
Project("{2150E333-8FDC-42A3-9474-1A3956D46DE8}") = "4-Ext", "4-Ext", "{A09066BC-E748-49C9-A38E-83264550BA65}"
EndProject
Project("{FAE04EC0-301F-11D3-BF4B-00C04F79EFBC}") = "Teage.SystemApi", "Teage.SystemApi\Teage.SystemApi.csproj", "{BC90CDFC-BE0B-4ED1-91A8-0B62717F6307}"
EndProject
Project("{FAE04EC0-301F-11D3-BF4B-00C04F79EFBC}") = "Teage.ApiCommon", "Teage.ApiCommon\Teage.ApiCommon.csproj", "{02519352-C9C8-4EA6-873F-B8E0689F24DE}"
EndProject
Project("{2150E333-8FDC-42A3-9474-1A3956D46DE8}") = "2-Service", "2-Service", "{E432766E-17F0-4BC0-BD01-9E4752C1B734}"
EndProject
Project("{FAE04EC0-301F-11D3-BF4B-00C04F79EFBC}") = "IServices", "IServices\IServices.csproj", "{E5A0F864-4DD8-48C1-B19B-BB69BAAC35B6}"
EndProject
Project("{FAE04EC0-301F-11D3-BF4B-00C04F79EFBC}") = "Services", "Services\Services.csproj", "{5D61B827-E39E-4817-90F6-F7625651D7B4}"
EndProject
Project("{FAE04EC0-301F-11D3-BF4B-00C04F79EFBC}") = "Teage.Entity", "Teage.Entity\Teage.Entity.csproj", "{B0EAA77C-0D56-404D-A553-588CBBDC5088}"
EndProject
Project("{FAE04EC0-301F-11D3-BF4B-00C04F79EFBC}") = "Teage.Model", "Teage.Model\Teage.Model.csproj", "{6331F61F-F66E-4B38-A437-7350597C0826}"
EndProject
Global
	GlobalSection(SolutionConfigurationPlatforms) = preSolution
		Debug|Any CPU = Debug|Any CPU
		Release|Any CPU = Release|Any CPU
	EndGlobalSection
	GlobalSection(ProjectConfigurationPlatforms) = postSolution
		{0D792CB1-FD96-44EE-ACBC-C074B74C8C19}.Debug|Any CPU.ActiveCfg = Debug|Any CPU
		{0D792CB1-FD96-44EE-ACBC-C074B74C8C19}.Debug|Any CPU.Build.0 = Debug|Any CPU
		{0D792CB1-FD96-44EE-ACBC-C074B74C8C19}.Release|Any CPU.ActiveCfg = Release|Any CPU
		{0D792CB1-FD96-44EE-ACBC-C074B74C8C19}.Release|Any CPU.Build.0 = Release|Any CPU
		{E781FD01-F92A-4367-B769-5EDD9A8FA793}.Debug|Any CPU.ActiveCfg = Debug|Any CPU
		{E781FD01-F92A-4367-B769-5EDD9A8FA793}.Debug|Any CPU.Build.0 = Debug|Any CPU
		{E781FD01-F92A-4367-B769-5EDD9A8FA793}.Release|Any CPU.ActiveCfg = Release|Any CPU
		{E781FD01-F92A-4367-B769-5EDD9A8FA793}.Release|Any CPU.Build.0 = Release|Any CPU
		{BC90CDFC-BE0B-4ED1-91A8-0B62717F6307}.Debug|Any CPU.ActiveCfg = Debug|Any CPU
		{BC90CDFC-BE0B-4ED1-91A8-0B62717F6307}.Debug|Any CPU.Build.0 = Debug|Any CPU
		{BC90CDFC-BE0B-4ED1-91A8-0B62717F6307}.Release|Any CPU.ActiveCfg = Release|Any CPU
		{BC90CDFC-BE0B-4ED1-91A8-0B62717F6307}.Release|Any CPU.Build.0 = Release|Any CPU
		{02519352-C9C8-4EA6-873F-B8E0689F24DE}.Debug|Any CPU.ActiveCfg = Debug|Any CPU
		{02519352-C9C8-4EA6-873F-B8E0689F24DE}.Debug|Any CPU.Build.0 = Debug|Any CPU
		{02519352-C9C8-4EA6-873F-B8E0689F24DE}.Release|Any CPU.ActiveCfg = Release|Any CPU
		{02519352-C9C8-4EA6-873F-B8E0689F24DE}.Release|Any CPU.Build.0 = Release|Any CPU
		{E5A0F864-4DD8-48C1-B19B-BB69BAAC35B6}.Debug|Any CPU.ActiveCfg = Debug|Any CPU
		{E5A0F864-4DD8-48C1-B19B-BB69BAAC35B6}.Debug|Any CPU.Build.0 = Debug|Any CPU
		{E5A0F864-4DD8-48C1-B19B-BB69BAAC35B6}.Release|Any CPU.ActiveCfg = Release|Any CPU
		{E5A0F864-4DD8-48C1-B19B-BB69BAAC35B6}.Release|Any CPU.Build.0 = Release|Any CPU
		{5D61B827-E39E-4817-90F6-F7625651D7B4}.Debug|Any CPU.ActiveCfg = Debug|Any CPU
		{5D61B827-E39E-4817-90F6-F7625651D7B4}.Debug|Any CPU.Build.0 = Debug|Any CPU
		{5D61B827-E39E-4817-90F6-F7625651D7B4}.Release|Any CPU.ActiveCfg = Release|Any CPU
		{5D61B827-E39E-4817-90F6-F7625651D7B4}.Release|Any CPU.Build.0 = Release|Any CPU
		{B0EAA77C-0D56-404D-A553-588CBBDC5088}.Debug|Any CPU.ActiveCfg = Debug|Any CPU
		{B0EAA77C-0D56-404D-A553-588CBBDC5088}.Debug|Any CPU.Build.0 = Debug|Any CPU
		{B0EAA77C-0D56-404D-A553-588CBBDC5088}.Release|Any CPU.ActiveCfg = Release|Any CPU
		{B0EAA77C-0D56-404D-A553-588CBBDC5088}.Release|Any CPU.Build.0 = Release|Any CPU
		{6331F61F-F66E-4B38-A437-7350597C0826}.Debug|Any CPU.ActiveCfg = Debug|Any CPU
		{6331F61F-F66E-4B38-A437-7350597C0826}.Debug|Any CPU.Build.0 = Debug|Any CPU
		{6331F61F-F66E-4B38-A437-7350597C0826}.Release|Any CPU.ActiveCfg = Release|Any CPU
		{6331F61F-F66E-4B38-A437-7350597C0826}.Release|Any CPU.Build.0 = Release|Any CPU
	EndGlobalSection
	GlobalSection(SolutionProperties) = preSolution
		HideSolutionNode = FALSE
	EndGlobalSection
	GlobalSection(NestedProjects) = preSolution
		{0D792CB1-FD96-44EE-ACBC-C074B74C8C19} = {A4C1F9CC-18E1-4F6D-880E-5F8513ABFD8E}
		{BC90CDFC-BE0B-4ED1-91A8-0B62717F6307} = {A4C1F9CC-18E1-4F6D-880E-5F8513ABFD8E}
		{E781FD01-F92A-4367-B769-5EDD9A8FA793} = {A09066BC-E748-49C9-A38E-83264550BA65}
		{02519352-C9C8-4EA6-873F-B8E0689F24DE} = {A09066BC-E748-49C9-A38E-83264550BA65}
		{B0EAA77C-0D56-404D-A553-588CBBDC5088} = {3F8A8158-92D0-49DE-A7EB-A292880E3813}
		{6331F61F-F66E-4B38-A437-7350597C0826} = {3F8A8158-92D0-49DE-A7EB-A292880E3813}
		{E5A0F864-4DD8-48C1-B19B-BB69BAAC35B6} = {E432766E-17F0-4BC0-BD01-9E4752C1B734}
		{5D61B827-E39E-4817-90F6-F7625651D7B4} = {E432766E-17F0-4BC0-BD01-9E4752C1B734}
	EndGlobalSection
EndGlobal
